
Microsoft Visual Studio Solution File, Format Version 12.00
# Visual Studio Version 17
VisualStudioVersion = 17.9.34622.214
MinimumVisualStudioVersion = 10.0.40219.1
Project("{FAE04EC0-301F-11D3-BF4B-00C04F79EFBC}") = "UserManagment.Console", "UserManagment.Console\UserManagment.Console.csproj", "{E424BF75-261E-4745-B36B-A580942A0CB8}"
EndProject
Global
	GlobalSection(SolutionConfigurationPlatforms) = preSolution
		Debug|Any CPU = Debug|Any CPU
		Release|Any CPU = Release|Any CPU
	EndGlobalSection
	GlobalSection(ProjectConfigurationPlatforms) = postSolution
		{E424BF75-261E-4745-B36B-A580942A0CB8}.Debug|Any CPU.ActiveCfg = Debug|Any CPU
		{E424BF75-261E-4745-B36B-A580942A0CB8}.Debug|Any CPU.Build.0 = Debug|Any CPU
		{E424BF75-261E-4745-B36B-A580942A0CB8}.Release|Any CPU.ActiveCfg = Release|Any CPU
		{E424BF75-261E-4745-B36B-A580942A0CB8}.Release|Any CPU.Build.0 = Release|Any CPU
	EndGlobalSection
	GlobalSection(SolutionProperties) = preSolution
		HideSolutionNode = FALSE
	EndGlobalSection
	GlobalSection(ExtensibilityGlobals) = postSolution
		SolutionGuid = {48C1418F-20B2-4D41-8935-6B69AD68C3C0}
	EndGlobalSection
EndGlobal
